# @generated by Move, please check-in and do not edit manually.

[move]
version = 3
manifest_digest = "58C37FE9144507B15D275797EE085AA9939F67DC2BCA0C9ACD26FF243B82F808"
deps_digest = "3C4103934B1E040BB6B23F1D610B4EF9F2F1166A50A104EADCF77467C004C600"
dependencies = [
  { id = "DosBucket", name = "DosBucket" },
  { id = "Sui", name = "Sui" },
]

[[move.package]]
id = "DosBucket"
source = { git = "https://github.com/CascadeFoundation/dos_bucket.git", rev = "main", subdir = "" }

dependencies = [
  { id = "Sui", name = "Sui" },
  { id = "Walrus", name = "Walrus" },
]

[[move.package]]
id = "MoveStdlib"
source = { git = "https://github.com/MystenLabs/sui.git", rev = "framework/mainnet", subdir = "crates/sui-framework/packages/move-stdlib" }

[[move.package]]
id = "Sui"
source = { git = "https://github.com/MystenLabs/sui.git", rev = "framework/mainnet", subdir = "crates/sui-framework/packages/sui-framework" }

dependencies = [
  { id = "MoveStdlib", name = "MoveStdlib" },
]

[[move.package]]
id = "WAL"
source = { git = "https://github.com/MystenLabs/walrus-docs.git", rev = "main", subdir = "contracts/wal" }

dependencies = [
  { id = "Sui", name = "Sui" },
]

[[move.package]]
id = "WAL_exchange"
source = { git = "https://github.com/MystenLabs/walrus-docs.git", rev = "main", subdir = "contracts/wal_exchange" }

dependencies = [
  { id = "Sui", name = "Sui" },
  { id = "WAL", name = "WAL" },
]

[[move.package]]
id = "Walrus"
source = { git = "https://github.com/MystenLabs/walrus-docs.git", rev = "main", subdir = "contracts/walrus" }

dependencies = [
  { id = "Sui", name = "Sui" },
  { id = "WAL", name = "WAL" },
  { id = "WAL_exchange", name = "WAL_exchange" },
]

[move.toolchain-version]
compiler-version = "1.44.2"
edition = "2024.beta"
flavor = "sui"

[env]

[env.testnet]
chain-id = "4c78adac"
original-published-id = "0x3b3476a1e2d5b44b79ff5e0835bf2fccaecb304bc5aadcf825cf69cfe153d049"
latest-published-id = "0x3b3476a1e2d5b44b79ff5e0835bf2fccaecb304bc5aadcf825cf69cfe153d049"
published-version = "1"
