# @generated by Move, please check-in and do not edit manually.

[move]
version = 3
manifest_digest = "ACA4CEC0173BD45B6A99B99A24F5488F4FBF01502B259C94827932FF4A2B9F30"
deps_digest = "CAFAD8A7CF51067FB4358215BECB86BD100DD64E57C2AC8A7AE7D74B688F5965"
dependencies = [
  { id = "Bridge", name = "Bridge" },
  { id = "CascadeProtocol", name = "CascadeProtocol" },
  { id = "DeepBook", name = "DeepBook" },
  { id = "MoveStdlib", name = "MoveStdlib" },
  { id = "Sui", name = "Sui" },
  { id = "SuiSystem", name = "SuiSystem" },
  { id = "Walrus", name = "Walrus" },
]

[[move.package]]
id = "Bridge"
source = { git = "https://github.com/MystenLabs/sui.git", rev = "04f11afaf5e0", subdir = "crates/sui-framework/packages/bridge" }

dependencies = [
  { id = "MoveStdlib", name = "MoveStdlib" },
  { id = "Sui", name = "Sui" },
  { id = "SuiSystem", name = "SuiSystem" },
]

[[move.package]]
id = "CascadeProtocol"
source = { git = "https://github.com/cascadefoundation/cascade_protocol.git", rev = "testnet", subdir = "package" }

dependencies = [
  { id = "Bridge", name = "Bridge" },
  { id = "DeepBook", name = "DeepBook" },
  { id = "MoveStdlib", name = "MoveStdlib" },
  { id = "Sui", name = "Sui" },
  { id = "SuiSystem", name = "SuiSystem" },
]

[[move.package]]
id = "DeepBook"
source = { git = "https://github.com/MystenLabs/sui.git", rev = "04f11afaf5e0", subdir = "crates/sui-framework/packages/deepbook" }

dependencies = [
  { id = "MoveStdlib", name = "MoveStdlib" },
  { id = "Sui", name = "Sui" },
]

[[move.package]]
id = "MoveStdlib"
source = { git = "https://github.com/MystenLabs/sui.git", rev = "04f11afaf5e0", subdir = "crates/sui-framework/packages/move-stdlib" }

[[move.package]]
id = "Sui"
source = { git = "https://github.com/MystenLabs/sui.git", rev = "04f11afaf5e0", subdir = "crates/sui-framework/packages/sui-framework" }

dependencies = [
  { id = "MoveStdlib", name = "MoveStdlib" },
]

[[move.package]]
id = "SuiSystem"
source = { git = "https://github.com/MystenLabs/sui.git", rev = "04f11afaf5e0", subdir = "crates/sui-framework/packages/sui-system" }

dependencies = [
  { id = "MoveStdlib", name = "MoveStdlib" },
  { id = "Sui", name = "Sui" },
]

[[move.package]]
id = "WAL"
source = { git = "https://github.com/MystenLabs/walrus.git", rev = "main", subdir = "testnet-contracts/wal" }

dependencies = [
  { id = "Sui", name = "Sui" },
]

[[move.package]]
id = "Walrus"
source = { git = "https://github.com/MystenLabs/walrus.git", rev = "main", subdir = "testnet-contracts/walrus" }

dependencies = [
  { id = "Sui", name = "Sui" },
  { id = "WAL", name = "WAL" },
]

[move.toolchain-version]
compiler-version = "1.46.0"
edition = "2024.beta"
flavor = "sui"

[env]

[env.testnet]
chain-id = "4c78adac"
original-published-id = "0xd18e0763cf5380c2fa04a8d8195dd5ce8a6ce7ce18f05e21c05ef4ad134d8ea8"
latest-published-id = "0xd18e0763cf5380c2fa04a8d8195dd5ce8a6ce7ce18f05e21c05ef4ad134d8ea8"
published-version = "1"
